// !$*UTF8*$!
{
	archiveVersion = 1;
	classes = {
	};
	objectVersion = 77;
	objects = {

/* Begin PBXBuildFile section */
		004A7AB72FDD802C005BD1B4 /* PadelNoteWatch.app in Embed Watch Content */ = {isa = PBXBuildFile; fileRef = 004A7AB62FDD802C005BD1B4 /* PadelNoteWatch.app */; settings = {ATTRIBUTES = (RemoveHeadersOnCopy, ); }; };
		004A7ACB2FDD81CC005BD1B4 /* PadelCore in Frameworks */ = {isa = PBXBuildFile; productRef = 004A7ACA2FDD81CC005BD1B4 /* PadelCore */; };
		004A7ACF2FDD8202005BD1B4 /* PadelCore in Frameworks */ = {isa = PBXBuildFile; productRef = 004A7ACE2FDD8202005BD1B4 /* PadelCore */; };
/* End PBXBuildFile section */

/* Begin PBXContainerItemProxy section */
		004A7AB82FDD802C005BD1B4 /* PBXContainerItemProxy */ = {
			isa = PBXContainerItemProxy;
			containerPortal = 004A7A902FDD7E58005BD1B4 /* Project object */;
			proxyType = 1;
			remoteGlobalIDString = 004A7AB52FDD802C005BD1B4;
			remoteInfo = PadelNoteWatch;
		};
/* End PBXContainerItemProxy section */

/* Begin PBXCopyFilesBuildPhase section */
		004A7AC42FDD802D005BD1B4 /* Embed Watch Content */ = {
			isa = PBXCopyFilesBuildPhase;
			buildActionMask = 2147483647;
			dstPath = "$(CONTENTS_FOLDER_PATH)/Watch";
			dstSubfolderSpec = 16;
			files = (
				004A7AB72FDD802C005BD1B4 /* PadelNoteWatch.app in Embed Watch Content */,
			);
			name = "Embed Watch Content";
			runOnlyForDeploymentPostprocessing = 0;
		};
/* End PBXCopyFilesBuildPhase section */

/* Begin PBXFileReference section */
		004A7A982FDD7E58005BD1B4 /* PadelNote.app */ = {isa = PBXFileReference; explicitFileType = wrapper.application; includeInIndex = 0; path = PadelNote.app; sourceTree = BUILT_PRODUCTS_DIR; };
		004A7AB62FDD802C005BD1B4 /* PadelNoteWatch.app */ = {isa = PBXFileReference; explicitFileType = wrapper.application; includeInIndex = 0; path = PadelNoteWatch.app; sourceTree = BUILT_PRODUCTS_DIR; };
		004A7AD02FDD8363005BD1B4 /* PadelCore */ = {isa = PBXFileReference; lastKnownFileType = wrapper; path = PadelCore; sourceTree = "<group>"; };
/* End PBXFileReference section */

/* Begin PBXFileSystemSynchronizedBuildFileExceptionSet section */
		004A7B042FDD8C6D005BD1B4 /* Exceptions for "PadelNoteWatch" folder in "PadelNoteWatch" target */ = {
			isa = PBXFileSystemSynchronizedBuildFileExceptionSet;
			membershipExceptions = (
				Info.plist,
			);
			target = 004A7AB52FDD802C005BD1B4 /* PadelNoteWatch */;
		};
/* End PBXFileSystemSynchronizedBuildFileExceptionSet section */

/* Begin PBXFileSystemSynchronizedRootGroup section */
		004A7A9A2FDD7E58005BD1B4 /* PadelNote */ = {
			isa = PBXFileSystemSynchronizedRootGroup;
			path = PadelNote;
			sourceTree = "<group>";
		};
		004A7ABA2FDD802C005BD1B4 /* PadelNoteWatch */ = {
			isa = PBXFileSystemSynchronizedRootGroup;
			exceptions = (
				004A7B042FDD8C6D005BD1B4 /* Exceptions for "PadelNoteWatch" folder in "PadelNoteWatch" target */,
			);
			path = PadelNoteWatch;
			sourceTree = "<group>";
		};
/* End PBXFileSystemSynchronizedRootGroup section */

/* Begin PBXFrameworksBuildPhase section */
		004A7A952FDD7E58005BD1B4 /* Frameworks */ = {
			isa = PBXFrameworksBuildPhase;
			buildActionMask = 2147483647;
			files = (
				004A7ACB2FDD81CC005BD1B4 /* PadelCore in Frameworks */,
			);
			runOnlyForDeploymentPostprocessing = 0;
		};
		004A7AB32FDD802C005BD1B4 /* Frameworks */ = {
			isa = PBXFrameworksBuildPhase;
			buildActionMask = 2147483647;
			files = (
				004A7ACF2FDD8202005BD1B4 /* PadelCore in Frameworks */,
			);
			runOnlyForDeploymentPostprocessing = 0;
		};
/* End PBXFrameworksBuildPhase section */

/* Begin PBXGroup section */
		004A7A8F2FDD7E58005BD1B4 = {
			isa = PBXGroup;
			children = (
				004A7AD02FDD8363005BD1B4 /* PadelCore */,
				004A7A9A2FDD7E58005BD1B4 /* PadelNote */,
				004A7ABA2FDD802C005BD1B4 /* PadelNoteWatch */,
				004A7AC92FDD81CC005BD1B4 /* Frameworks */,
				004A7A992FDD7E58005BD1B4 /* Products */,
			);
			sourceTree = "<group>";
		};
		004A7A992FDD7E58005BD1B4 /* Products */ = {
			isa = PBXGroup;
			children = (
				004A7A982FDD7E58005BD1B4 /* PadelNote.app */,
				004A7AB62FDD802C005BD1B4 /* PadelNoteWatch.app */,
			);
			name = Products;
			sourceTree = "<group>";
		};
		004A7AC92FDD81CC005BD1B4 /* Frameworks */ = {
			isa = PBXGroup;
			children = (
			);
			name = Frameworks;
			sourceTree = "<group>";
		};
/* End PBXGroup section */

/* Begin PBXNativeTarget section */
		004A7A972FDD7E58005BD1B4 /* PadelNote */ = {
			isa = PBXNativeTarget;
			buildConfigurationList = 004A7AA32FDD7E59005BD1B4 /* Build configuration list for PBXNativeTarget "PadelNote" */;
			buildPhases = (
				004A7A942FDD7E58005BD1B4 /* Sources */,
				004A7A952FDD7E58005BD1B4 /* Frameworks */,
				004A7A962FDD7E58005BD1B4 /* Resources */,
				004A7AC42FDD802D005BD1B4 /* Embed Watch Content */,
			);
			buildRules = (
			);
			dependencies = (
				004A7AB92FDD802C005BD1B4 /* PBXTargetDependency */,
			);
			fileSystemSynchronizedGroups = (
				004A7A9A2FDD7E58005BD1B4 /* PadelNote */,
			);
			name = PadelNote;
			packageProductDependencies = (
				004A7ACA2FDD81CC005BD1B4 /* PadelCore */,
			);
			productName = PadelNote;
			productReference = 004A7A982FDD7E58005BD1B4 /* PadelNote.app */;
			productType = "com.apple.product-type.application";
		};
		004A7AB52FDD802C005BD1B4 /* PadelNoteWatch */ = {
			isa = PBXNativeTarget;
			buildConfigurationList = 004A7AC12FDD802D005BD1B4 /* Build configuration list for PBXNativeTarget "PadelNoteWatch" */;
			buildPhases = (
				004A7AB22FDD802C005BD1B4 /* Sources */,
				004A7AB32FDD802C005BD1B4 /* Frameworks */,
				004A7AB42FDD802C005BD1B4 /* Resources */,
			);
			buildRules = (
			);
			dependencies = (
			);
			fileSystemSynchronizedGroups = (
				004A7ABA2FDD802C005BD1B4 /* PadelNoteWatch */,
			);
			name = PadelNoteWatch;
			packageProductDependencies = (
				004A7ACE2FDD8202005BD1B4 /* PadelCore */,
			);
			productName = PadelNoteWatch;
			productReference = 004A7AB62FDD802C005BD1B4 /* PadelNoteWatch.app */;
			productType = "com.apple.product-type.application";
		};
/* End PBXNativeTarget section */

/* Begin PBXProject section */
		004A7A902FDD7E58005BD1B4 /* Project object */ = {
			isa = PBXProject;
			attributes = {
				BuildIndependentTargetsInParallel = 1;
				LastSwiftUpdateCheck = 2650;
				LastUpgradeCheck = 2650;
				TargetAttributes = {
					004A7A972FDD7E58005BD1B4 = {
						CreatedOnToolsVersion = 26.5;
					};
					004A7AB52FDD802C005BD1B4 = {
						CreatedOnToolsVersion = 26.5;
					};
				};
			};
			buildConfigurationList = 004A7A932FDD7E58005BD1B4 /* Build configuration list for PBXProject "PadelNote" */;
			developmentRegion = en;
			hasScannedForEncodings = 0;
			knownRegions = (
				en,
				Base,
			);
			mainGroup = 004A7A8F2FDD7E58005BD1B4;
			minimizedProjectReferenceProxies = 1;
			packageReferences = (
				004A7AD12FDD8364005BD1B4 /* XCLocalSwiftPackageReference "PadelCore" */,
			);
			preferredProjectObjectVersion = 77;
			productRefGroup = 004A7A992FDD7E58005BD1B4 /* Products */;
			projectDirPath = "";
			projectRoot = "";
			targets = (
				004A7A972FDD7E58005BD1B4 /* PadelNote */,
				004A7AB52FDD802C005BD1B4 /* PadelNoteWatch */,
			);
		};
/* End PBXProject section */

/* Begin PBXResourcesBuildPhase section */
		004A7A962FDD7E58005BD1B4 /* Resources */ = {
			isa = PBXResourcesBuildPhase;
			buildActionMask = 2147483647;
			files = (
			);
			runOnlyForDeploymentPostprocessing = 0;
		};
		004A7AB42FDD802C005BD1B4 /* Resources */ = {
			isa = PBXResourcesBuildPhase;
			buildActionMask = 2147483647;
			files = (
			);
			runOnlyForDeploymentPostprocessing = 0;
		};
/* End PBXResourcesBuildPhase section */

/* Begin PBXSourcesBuildPhase section */
		004A7A942FDD7E58005BD1B4 /* Sources */ = {
			isa = PBXSourcesBuildPhase;
			buildActionMask = 2147483647;
			files = (
			);
			runOnlyForDeploymentPostprocessing = 0;
		};
		004A7AB22FDD802C005BD1B4 /* Sources */ = {
			isa = PBXSourcesBuildPhase;
			buildActionMask = 2147483647;
			files = (
			);
			runOnlyForDeploymentPostprocessing = 0;
		};
/* End PBXSourcesBuildPhase section */

/* Begin PBXTargetDependency section */
		004A7AB92FDD802C005BD1B4 /* PBXTargetDependency */ = {
			isa = PBXTargetDependency;
			target = 004A7AB52FDD802C005BD1B4 /* PadelNoteWatch */;
			targetProxy = 004A7AB82FDD802C005BD1B4 /* PBXContainerItemProxy */;
		};
/* End PBXTargetDependency section */

/* Begin XCBuildConfiguration section */
		004A7AA12FDD7E59005BD1B4 /* Debug */ = {
			isa = XCBuildConfiguration;
			buildSettings = {
				ALWAYS_SEARCH_USER_PATHS = NO;
				ASSETCATALOG_COMPILER_GENERATE_SWIFT_ASSET_SYMBOL_EXTENSIONS = YES;
				CLANG_ANALYZER_NONNULL = YES;
				CLANG_ANALYZER_NUMBER_OBJECT_CONVERSION = YES_AGGRESSIVE;
				CLANG_CXX_LANGUAGE_STANDARD = "gnu++20";
				CLANG_ENABLE_MODULES = YES;
				CLANG_ENABLE_OBJC_ARC = YES;
				CLANG_ENABLE_OBJC_WEAK = YES;
				CLANG_WARN_BLOCK_CAPTURE_AUTORELEASING = YES;
				CLANG_WARN_BOOL_CONVERSION = YES;
				CLANG_WARN_COMMA = YES;
				CLANG_WARN_CONSTANT_CONVERSION = YES;
				CLANG_WARN_DEPRECATED_OBJC_IMPLEMENTATIONS = YES;
				CLANG_WARN_DIRECT_OBJC_ISA_USAGE = YES_ERROR;
				CLANG_WARN_DOCUMENTATION_COMMENTS = YES;
				CLANG_WARN_EMPTY_BODY = YES;
				CLANG_WARN_ENUM_CONVERSION = YES;
				CLANG_WARN_INFINITE_RECURSION = YES;
				CLANG_WARN_INT_CONVERSION = YES;
				CLANG_WARN_NON_LITERAL_NULL_CONVERSION = YES;
				CLANG_WARN_OBJC_IMPLICIT_RETAIN_SELF = YES;
				CLANG_WARN_OBJC_LITERAL_CONVERSION = YES;
				CLANG_WARN_OBJC_ROOT_CLASS = YES_ERROR;
				CLANG_WARN_QUOTED_INCLUDE_IN_FRAMEWORK_HEADER = YES;
				CLANG_WARN_RANGE_LOOP_ANALYSIS = YES;
				CLANG_WARN_STRICT_PROTOTYPES = YES;
				CLANG_WARN_SUSPICIOUS_MOVE = YES;
				CLANG_WARN_UNGUARDED_AVAILABILITY = YES_AGGRESSIVE;
				CLANG_WARN_UNREACHABLE_CODE = YES;
				CLANG_WARN__DUPLICATE_METHOD_MATCH = YES;
				COPY_PHASE_STRIP = NO;
				DEBUG_INFORMATION_FORMAT = dwarf;
				DEVELOPMENT_TEAM = 8C5FKN2L72;
				ENABLE_STRICT_OBJC_MSGSEND = YES;
				ENABLE_TESTABILITY = YES;
				ENABLE_USER_SCRIPT_SANDBOXING = YES;
				GCC_C_LANGUAGE_STANDARD = gnu17;
				GCC_DYNAMIC_NO_PIC = NO;
				GCC_NO_COMMON_BLOCKS = YES;
				GCC_OPTIMIZATION_LEVEL = 0;
				GCC_PREPROCESSOR_DEFINITIONS = (
					"DEBUG=1",
					"$(inherited)",
				);
				GCC_WARN_64_TO_32_BIT_CONVERSION = YES;
				GCC_WARN_ABOUT_RETURN_TYPE = YES_ERROR;
				GCC_WARN_UNDECLARED_SELECTOR = YES;
				GCC_WARN_UNINITIALIZED_AUTOS = YES_AGGRESSIVE;
				GCC_WARN_UNUSED_FUNCTION = YES;
				GCC_WARN_UNUSED_VARIABLE = YES;
				IPHONEOS_DEPLOYMENT_TARGET = 17.0;
				LOCALIZATION_PREFERS_STRING_CATALOGS = YES;
				MTL_ENABLE_DEBUG_INFO = INCLUDE_SOURCE;
				MTL_FAST_MATH = YES;
				ONLY_ACTIVE_ARCH = YES;
				SDKROOT = iphoneos;
				SWIFT_ACTIVE_COMPILATION_CONDITIONS = "DEBUG $(inherited)";
				SWIFT_OPTIMIZATION_LEVEL = "-Onone";
			};
			name = Debug;
		};
		004A7AA22FDD7E59005BD1B4 /* Release */ = {
			isa = XCBuildConfiguration;
			buildSettings = {
				ALWAYS_SEARCH_USER_PATHS = NO;
				ASSETCATALOG_COMPILER_GENERATE_SWIFT_ASSET_SYMBOL_EXTENSIONS = YES;
				CLANG_ANALYZER_NONNULL = YES;
				CLANG_ANALYZER_NUMBER_OBJECT_CONVERSION = YES_AGGRESSIVE;
				CLANG_CXX_LANGUAGE_STANDARD = "gnu++20";
				CLANG_ENABLE_MODULES = YES;
				CLANG_ENABLE_OBJC_ARC = YES;
				CLANG_ENABLE_OBJC_WEAK = YES;
				CLANG_WARN_BLOCK_CAPTURE_AUTORELEASING = YES;
				CLANG_WARN_BOOL_CONVERSION = YES;
				CLANG_WARN_COMMA = YES;
				CLANG_WARN_CONSTANT_CONVERSION = YES;
				CLANG_WARN_DEPRECATED_OBJC_IMPLEMENTATIONS = YES;
				CLANG_WARN_DIRECT_OBJC_ISA_USAGE = YES_ERROR;
				CLANG_WARN_DOCUMENTATION_COMMENTS = YES;
				CLANG_WARN_EMPTY_BODY = YES;
				CLANG_WARN_ENUM_CONVERSION = YES;
				CLANG_WARN_INFINITE_RECURSION = YES;
				CLANG_WARN_INT_CONVERSION = YES;
				CLANG_WARN_NON_LITERAL_NULL_CONVERSION = YES;
				CLANG_WARN_OBJC_IMPLICIT_RETAIN_SELF = YES;
				CLANG_WARN_OBJC_LITERAL_CONVERSION = YES;
				CLANG_WARN_OBJC_ROOT_CLASS = YES_ERROR;
				CLANG_WARN_QUOTED_INCLUDE_IN_FRAMEWORK_HEADER = YES;
				CLANG_WARN_RANGE_LOOP_ANALYSIS = YES;
				CLANG_WARN_STRICT_PROTOTYPES = YES;
				CLANG_WARN_SUSPICIOUS_MOVE = YES;
				CLANG_WARN_UNGUARDED_AVAILABILITY = YES_AGGRESSIVE;
				CLANG_WARN_UNREACHABLE_CODE = YES;
				CLANG_WARN__DUPLICATE_METHOD_MATCH = YES;
				COPY_PHASE_STRIP = NO;
				DEBUG_INFORMATION_FORMAT = "dwarf-with-dsym";
				DEVELOPMENT_TEAM = 8C5FKN2L72;
				ENABLE_NS_ASSERTIONS = NO;
				ENABLE_STRICT_OBJC_MSGSEND = YES;
				ENABLE_USER_SCRIPT_SANDBOXING = YES;
				GCC_C_LANGUAGE_STANDARD = gnu17;
				GCC_NO_COMMON_BLOCKS = YES;
				GCC_WARN_64_TO_32_BIT_CONVERSION = YES;
				GCC_WARN_ABOUT_RETURN_TYPE = YES_ERROR;
				GCC_WARN_UNDECLARED_SELECTOR = YES;
				GCC_WARN_UNINITIALIZED_AUTOS = YES_AGGRESSIVE;
				GCC_WARN_UNUSED_FUNCTION = YES;
				GCC_WARN_UNUSED_VARIABLE = YES;
				IPHONEOS_DEPLOYMENT_TARGET = 17.0;
				LOCALIZATION_PREFERS_STRING_CATALOGS = YES;
				MTL_ENABLE_DEBUG_INFO = NO;
				MTL_FAST_MATH = YES;
				SDKROOT = iphoneos;
				SWIFT_COMPILATION_MODE = wholemodule;
				VALIDATE_PRODUCT = YES;
			};
			name = Release;
		};
		004A7AA42FDD7E59005BD1B4 /* Debug */ = {
			isa = XCBuildConfiguration;
			buildSettings = {
				ASSETCATALOG_COMPILER_APPICON_NAME = AppIcon;
				ASSETCATALOG_COMPILER_GLOBAL_ACCENT_COLOR_NAME = AccentColor;
				CODE_SIGN_ENTITLEMENTS = PadelNote/PadelNote.entitlements;
				CODE_SIGN_IDENTITY = "Apple Development";
				CODE_SIGN_STYLE = Automatic;
				CURRENT_PROJECT_VERSION = 1;
				DEVELOPMENT_TEAM = 8C5FKN2L72;
				ENABLE_PREVIEWS = YES;
				GENERATE_INFOPLIST_FILE = YES;
				INFOPLIST_KEY_NSHealthShareUsageDescription = "PadelNote reads your heart rate and calories during matches to show accurate workout stats.";
				INFOPLIST_KEY_NSHealthUpdateUsageDescription = "PadelNote saves your padel matches to Apple Health as workouts.";
				INFOPLIST_KEY_UIApplicationSceneManifest_Generation = YES;
				INFOPLIST_KEY_UIApplicationSupportsIndirectInputEvents = YES;
				INFOPLIST_KEY_UILaunchScreen_Generation = YES;
				INFOPLIST_KEY_UISupportedInterfaceOrientations_iPad = "UIInterfaceOrientationPortrait UIInterfaceOrientationPortraitUpsideDown UIInterfaceOrientationLandscapeLeft UIInterfaceOrientationLandscapeRight";
				INFOPLIST_KEY_UISupportedInterfaceOrientations_iPhone = "UIInterfaceOrientationPortrait UIInterfaceOrientationLandscapeLeft UIInterfaceOrientationLandscapeRight";
				LD_RUNPATH_SEARCH_PATHS = (
					"$(inherited)",
					"@executable_path/Frameworks",
				);
				MARKETING_VERSION = 1.0;
				PRODUCT_BUNDLE_IDENTIFIER = farca.PadelNote;
				PRODUCT_NAME = "$(TARGET_NAME)";
				PROVISIONING_PROFILE_SPECIFIER = "";
				STRING_CATALOG_GENERATE_SYMBOLS = YES;
				SWIFT_APPROACHABLE_CONCURRENCY = YES;
				SWIFT_DEFAULT_ACTOR_ISOLATION = MainActor;
				SWIFT_EMIT_LOC_STRINGS = YES;
				SWIFT_UPCOMING_FEATURE_MEMBER_IMPORT_VISIBILITY = YES;
				SWIFT_VERSION = 5.0;
				TARGETED_DEVICE_FAMILY = "1,2";
			};
			name = Debug;
		};
		004A7AA52FDD7E59005BD1B4 /* Release */ = {
			isa = XCBuildConfiguration;
			buildSettings = {
				ASSETCATALOG_COMPILER_APPICON_NAME = AppIcon;
				ASSETCATALOG_COMPILER_GLOBAL_ACCENT_COLOR_NAME = AccentColor;
				CODE_SIGN_ENTITLEMENTS = PadelNote/PadelNote.entitlements;
				CODE_SIGN_IDENTITY = "Apple Development";
				CODE_SIGN_STYLE = Automatic;
				CURRENT_PROJECT_VERSION = 1;
				DEVELOPMENT_TEAM = 8C5FKN2L72;
				ENABLE_PREVIEWS = YES;
				GENERATE_INFOPLIST_FILE = YES;
				INFOPLIST_KEY_NSHealthShareUsageDescription = "PadelNote reads your heart rate and calories during matches to show accurate workout stats.";
				INFOPLIST_KEY_NSHealthUpdateUsageDescription = "PadelNote saves your padel matches to Apple Health as workouts.";
				INFOPLIST_KEY_UIApplicationSceneManifest_Generation = YES;
				INFOPLIST_KEY_UIApplicationSupportsIndirectInputEvents = YES;
				INFOPLIST_KEY_UILaunchScreen_Generation = YES;
				INFOPLIST_KEY_UISupportedInterfaceOrientations_iPad = "UIInterfaceOrientationPortrait UIInterfaceOrientationPortraitUpsideDown UIInterfaceOrientationLandscapeLeft UIInterfaceOrientationLandscapeRight";
				INFOPLIST_KEY_UISupportedInterfaceOrientations_iPhone = "UIInterfaceOrientationPortrait UIInterfaceOrientationLandscapeLeft UIInterfaceOrientationLandscapeRight";
				LD_RUNPATH_SEARCH_PATHS = (
					"$(inherited)",
					"@executable_path/Frameworks",
				);
				MARKETING_VERSION = 1.0;
				PRODUCT_BUNDLE_IDENTIFIER = farca.PadelNote;
				PRODUCT_NAME = "$(TARGET_NAME)";
				PROVISIONING_PROFILE_SPECIFIER = "";
				STRING_CATALOG_GENERATE_SYMBOLS = YES;
				SWIFT_APPROACHABLE_CONCURRENCY = YES;
				SWIFT_DEFAULT_ACTOR_ISOLATION = MainActor;
				SWIFT_EMIT_LOC_STRINGS = YES;
				SWIFT_UPCOMING_FEATURE_MEMBER_IMPORT_VISIBILITY = YES;
				SWIFT_VERSION = 5.0;
				TARGETED_DEVICE_FAMILY = "1,2";
			};
			name = Release;
		};
		004A7AC22FDD802D005BD1B4 /* Debug */ = {
			isa = XCBuildConfiguration;
			buildSettings = {
				ASSETCATALOG_COMPILER_APPICON_NAME = AppIcon;
				ASSETCATALOG_COMPILER_GLOBAL_ACCENT_COLOR_NAME = AccentColor;
				CODE_SIGN_ENTITLEMENTS = PadelNoteWatch/PadelNoteWatch.entitlements;
				CODE_SIGN_IDENTITY = "Apple Development";
				CODE_SIGN_STYLE = Automatic;
				CURRENT_PROJECT_VERSION = 1;
				DEVELOPMENT_TEAM = 8C5FKN2L72;
				ENABLE_PREVIEWS = YES;
				GENERATE_INFOPLIST_FILE = YES;
				INFOPLIST_FILE = PadelNoteWatch/Info.plist;
				INFOPLIST_KEY_CFBundleDisplayName = PadelNote;
				INFOPLIST_KEY_NSHealthShareUsageDescription = "PadelNote reads your heart rate and calories during matches to show accurate workout stats.";
				INFOPLIST_KEY_NSHealthUpdateUsageDescription = "PadelNote saves your padel matches to Apple Health as workouts.";
				INFOPLIST_KEY_UISupportedInterfaceOrientations = "UIInterfaceOrientationPortrait UIInterfaceOrientationPortraitUpsideDown";
				INFOPLIST_KEY_WKCompanionAppBundleIdentifier = farca.PadelNote;
				LD_RUNPATH_SEARCH_PATHS = (
					"$(inherited)",
					"@executable_path/Frameworks",
				);
				MARKETING_VERSION = 1.0;
				PRODUCT_BUNDLE_IDENTIFIER = farca.PadelNote.watchkitapp;
				PRODUCT_NAME = "$(TARGET_NAME)";
				PROVISIONING_PROFILE_SPECIFIER = "";
				SDKROOT = watchos;
				SKIP_INSTALL = YES;
				STRING_CATALOG_GENERATE_SYMBOLS = YES;
				SWIFT_APPROACHABLE_CONCURRENCY = YES;
				SWIFT_DEFAULT_ACTOR_ISOLATION = MainActor;
				SWIFT_EMIT_LOC_STRINGS = YES;
				SWIFT_UPCOMING_FEATURE_MEMBER_IMPORT_VISIBILITY = YES;
				SWIFT_VERSION = 5.0;
				TARGETED_DEVICE_FAMILY = 4;
				WATCHOS_DEPLOYMENT_TARGET = 10.0;
			};
			name = Debug;
		};
		004A7AC32FDD802D005BD1B4 /* Release */ = {
			isa = XCBuildConfiguration;
			buildSettings = {
				ASSETCATALOG_COMPILER_APPICON_NAME = AppIcon;
				ASSETCATALOG_COMPILER_GLOBAL_ACCENT_COLOR_NAME = AccentColor;
				CODE_SIGN_ENTITLEMENTS = PadelNoteWatch/PadelNoteWatch.entitlements;
				CODE_SIGN_IDENTITY = "Apple Development";
				CODE_SIGN_STYLE = Automatic;
				CURRENT_PROJECT_VERSION = 1;
				DEVELOPMENT_TEAM = 8C5FKN2L72;
				ENABLE_PREVIEWS = YES;
				GENERATE_INFOPLIST_FILE = YES;
				INFOPLIST_FILE = PadelNoteWatch/Info.plist;
				INFOPLIST_KEY_CFBundleDisplayName = PadelNote;
				INFOPLIST_KEY_NSHealthShareUsageDescription = "PadelNote reads your heart rate and calories during matches to show accurate workout stats.";
				INFOPLIST_KEY_NSHealthUpdateUsageDescription = "PadelNote saves your padel matches to Apple Health as workouts.";
				INFOPLIST_KEY_UISupportedInterfaceOrientations = "UIInterfaceOrientationPortrait UIInterfaceOrientationPortraitUpsideDown";
				INFOPLIST_KEY_WKCompanionAppBundleIdentifier = farca.PadelNote;
				LD_RUNPATH_SEARCH_PATHS = (
					"$(inherited)",
					"@executable_path/Frameworks",
				);
				MARKETING_VERSION = 1.0;
				PRODUCT_BUNDLE_IDENTIFIER = farca.PadelNote.watchkitapp;
				PRODUCT_NAME = "$(TARGET_NAME)";
				PROVISIONING_PROFILE_SPECIFIER = "";
				SDKROOT = watchos;
				SKIP_INSTALL = YES;
				STRING_CATALOG_GENERATE_SYMBOLS = YES;
				SWIFT_APPROACHABLE_CONCURRENCY = YES;
				SWIFT_DEFAULT_ACTOR_ISOLATION = MainActor;
				SWIFT_EMIT_LOC_STRINGS = YES;
				SWIFT_UPCOMING_FEATURE_MEMBER_IMPORT_VISIBILITY = YES;
				SWIFT_VERSION = 5.0;
				TARGETED_DEVICE_FAMILY = 4;
				WATCHOS_DEPLOYMENT_TARGET = 10.0;
			};
			name = Release;
		};
/* End XCBuildConfiguration section */

/* Begin XCConfigurationList section */
		004A7A932FDD7E58005BD1B4 /* Build configuration list for PBXProject "PadelNote" */ = {
			isa = XCConfigurationList;
			buildConfigurations = (
				004A7AA12FDD7E59005BD1B4 /* Debug */,
				004A7AA22FDD7E59005BD1B4 /* Release */,
			);
			defaultConfigurationIsVisible = 0;
			defaultConfigurationName = Release;
		};
		004A7AA32FDD7E59005BD1B4 /* Build configuration list for PBXNativeTarget "PadelNote" */ = {
			isa = XCConfigurationList;
			buildConfigurations = (
				004A7AA42FDD7E59005BD1B4 /* Debug */,
				004A7AA52FDD7E59005BD1B4 /* Release */,
			);
			defaultConfigurationIsVisible = 0;
			defaultConfigurationName = Release;
		};
		004A7AC12FDD802D005BD1B4 /* Build configuration list for PBXNativeTarget "PadelNoteWatch" */ = {
			isa = XCConfigurationList;
			buildConfigurations = (
				004A7AC22FDD802D005BD1B4 /* Debug */,
				004A7AC32FDD802D005BD1B4 /* Release */,
			);
			defaultConfigurationIsVisible = 0;
			defaultConfigurationName = Release;
		};
/* End XCConfigurationList section */

/* Begin XCLocalSwiftPackageReference section */
		004A7AD12FDD8364005BD1B4 /* XCLocalSwiftPackageReference "PadelCore" */ = {
			isa = XCLocalSwiftPackageReference;
			relativePath = PadelCore;
		};
/* End XCLocalSwiftPackageReference section */

/* Begin XCSwiftPackageProductDependency section */
		004A7ACA2FDD81CC005BD1B4 /* PadelCore */ = {
			isa = XCSwiftPackageProductDependency;
			package = 004A7AD12FDD8364005BD1B4 /* XCLocalSwiftPackageReference "PadelCore" */;
			productName = PadelCore;
		};
		004A7ACE2FDD8202005BD1B4 /* PadelCore */ = {
			isa = XCSwiftPackageProductDependency;
			package = 004A7AD12FDD8364005BD1B4 /* XCLocalSwiftPackageReference "PadelCore" */;
			productName = PadelCore;
		};
/* End XCSwiftPackageProductDependency section */
	};
	rootObject = 004A7A902FDD7E58005BD1B4 /* Project object */;
}
